
Microsoft Visual Studio Solution File, Format Version 12.00
# Visual Studio Version 16
VisualStudioVersion = 16.0.29102.190
MinimumVisualStudioVersion = 10.0.40219.1
Project("{FAE04EC0-301F-11D3-BF4B-00C04F79EFBC}") = "SDKDemoWPF", "SDKDemoWPF\SDKDemoWPF.csproj", "{9B141427-0A3C-4C16-8D93-B25B8B8B0AAB}"
EndProject
Global
	GlobalSection(SolutionConfigurationPlatforms) = preSolution
		Debug|Any CPU = Debug|Any CPU
		Release|Any CPU = Release|Any CPU
	EndGlobalSection
	GlobalSection(ProjectConfigurationPlatforms) = postSolution
		{9B141427-0A3C-4C16-8D93-B25B8B8B0AAB}.Debug|Any CPU.ActiveCfg = Debug|Any CPU
		{9B141427-0A3C-4C16-8D93-B25B8B8B0AAB}.Debug|Any CPU.Build.0 = Debug|Any CPU
		{9B141427-0A3C-4C16-8D93-B25B8B8B0AAB}.Release|Any CPU.ActiveCfg = Release|Any CPU
		{9B141427-0A3C-4C16-8D93-B25B8B8B0AAB}.Release|Any CPU.Build.0 = Release|Any CPU
	EndGlobalSection
	GlobalSection(SolutionProperties) = preSolution
		HideSolutionNode = FALSE
	EndGlobalSection
	GlobalSection(ExtensibilityGlobals) = postSolution
		SolutionGuid = {ADDDAD6E-796A-43CD-9690-709341F90F63}
	EndGlobalSection
EndGlobal
